// !$*UTF8*$!
{
	archiveVersion = 1;
	classes = {
	};
	objectVersion = 50;
	objects = {

/* Begin PBXBuildFile section */
		8C7152352551A06500F8054D /* PhotoOfTheDay.swift in Sources */ = {isa = PBXBuildFile; fileRef = 8C7152342551A06500F8054D /* PhotoOfTheDay.swift */; };
		8C88C5D3253B7C490025985E /* SponsorTableViewCell.swift in Sources */ = {isa = PBXBuildFile; fileRef = 8C88C5D2253B7C490025985E /* SponsorTableViewCell.swift */; };
		8C9A353C252F2CDF00FC4835 /* AppDelegate.swift in Sources */ = {isa = PBXBuildFile; fileRef = 8C9A353B252F2CDF00FC4835 /* AppDelegate.swift */; };
		8C9A353E252F2CDF00FC4835 /* SceneDelegate.swift in Sources */ = {isa = PBXBuildFile; fileRef = 8C9A353D252F2CDF00FC4835 /* SceneDelegate.swift */; };
		8C9A3540252F2CDF00FC4835 /* StartViewController.swift in Sources */ = {isa = PBXBuildFile; fileRef = 8C9A353F252F2CDF00FC4835 /* StartViewController.swift */; };
		8C9A3543252F2CDF00FC4835 /* Main.storyboard in Resources */ = {isa = PBXBuildFile; fileRef = 8C9A3541252F2CDF00FC4835 /* Main.storyboard */; };
		8C9A3545252F2CE400FC4835 /* Assets.xcassets in Resources */ = {isa = PBXBuildFile; fileRef = 8C9A3544252F2CE400FC4835 /* Assets.xcassets */; };
		8C9A3548252F2CE400FC4835 /* LaunchScreen.storyboard in Resources */ = {isa = PBXBuildFile; fileRef = 8C9A3546252F2CE400FC4835 /* LaunchScreen.storyboard */; };
		8C9A35562530E16F00FC4835 /* StoriesTableViewController.swift in Sources */ = {isa = PBXBuildFile; fileRef = 8C9A35552530E16F00FC4835 /* StoriesTableViewController.swift */; };
		8C9A35582530E2E900FC4835 /* Story.swift in Sources */ = {isa = PBXBuildFile; fileRef = 8C9A35572530E2E900FC4835 /* Story.swift */; };
		8CC4FF5A2587E45C0061198D /* LoaderAnimation.swift in Sources */ = {isa = PBXBuildFile; fileRef = 8CC4FF592587E45C0061198D /* LoaderAnimation.swift */; };
		8CC745512534CCAE00CC7083 /* StoryTableViewCell.swift in Sources */ = {isa = PBXBuildFile; fileRef = 8CC745502534CCAE00CC7083 /* StoryTableViewCell.swift */; };
		8CDF3EE0254E17AC0082988B /* Categories.swift in Sources */ = {isa = PBXBuildFile; fileRef = 8CDF3EDF254E17AC0082988B /* Categories.swift */; };
		8CDF3EE7254EE5220082988B /* Category.swift in Sources */ = {isa = PBXBuildFile; fileRef = 8CDF3EE6254EE5220082988B /* Category.swift */; };
		8CDF3EEA254EECE60082988B /* FilteringPickerViewController.swift in Sources */ = {isa = PBXBuildFile; fileRef = 8CDF3EE9254EECE60082988B /* FilteringPickerViewController.swift */; };
		8CDF8316253774CA00CD8E2D /* NetworkManager.swift in Sources */ = {isa = PBXBuildFile; fileRef = 8CDF8315253774CA00CD8E2D /* NetworkManager.swift */; };
		8CDF831825389DCC00CD8E2D /* FullStoryViewController.swift in Sources */ = {isa = PBXBuildFile; fileRef = 8CDF831725389DCC00CD8E2D /* FullStoryViewController.swift */; };
		8CDF831B2538CBC600CD8E2D /* WebKit.framework in Frameworks */ = {isa = PBXBuildFile; fileRef = 8CDF831A2538CBC600CD8E2D /* WebKit.framework */; };
/* End PBXBuildFile section */

/* Begin PBXFileReference section */
		8C7152342551A06500F8054D /* PhotoOfTheDay.swift */ = {isa = PBXFileReference; lastKnownFileType = sourcecode.swift; path = PhotoOfTheDay.swift; sourceTree = "<group>"; };
		8C88C5D2253B7C490025985E /* SponsorTableViewCell.swift */ = {isa = PBXFileReference; lastKnownFileType = sourcecode.swift; path = SponsorTableViewCell.swift; sourceTree = "<group>"; };
		8C9A3538252F2CDF00FC4835 /* NationalGeographicApp.app */ = {isa = PBXFileReference; explicitFileType = wrapper.application; includeInIndex = 0; path = NationalGeographicApp.app; sourceTree = BUILT_PRODUCTS_DIR; };
		8C9A353B252F2CDF00FC4835 /* AppDelegate.swift */ = {isa = PBXFileReference; lastKnownFileType = sourcecode.swift; path = AppDelegate.swift; sourceTree = "<group>"; };
		8C9A353D252F2CDF00FC4835 /* SceneDelegate.swift */ = {isa = PBXFileReference; lastKnownFileType = sourcecode.swift; path = SceneDelegate.swift; sourceTree = "<group>"; };
		8C9A353F252F2CDF00FC4835 /* StartViewController.swift */ = {isa = PBXFileReference; lastKnownFileType = sourcecode.swift; path = StartViewController.swift; sourceTree = "<group>"; };
		8C9A3542252F2CDF00FC4835 /* Base */ = {isa = PBXFileReference; lastKnownFileType = file.storyboard; name = Base; path = Base.lproj/Main.storyboard; sourceTree = "<group>"; };
		8C9A3544252F2CE400FC4835 /* Assets.xcassets */ = {isa = PBXFileReference; lastKnownFileType = folder.assetcatalog; path = Assets.xcassets; sourceTree = "<group>"; };
		8C9A3547252F2CE400FC4835 /* Base */ = {isa = PBXFileReference; lastKnownFileType = file.storyboard; name = Base; path = Base.lproj/LaunchScreen.storyboard; sourceTree = "<group>"; };
		8C9A3549252F2CE400FC4835 /* Info.plist */ = {isa = PBXFileReference; lastKnownFileType = text.plist.xml; path = Info.plist; sourceTree = "<group>"; };
		8C9A35552530E16F00FC4835 /* StoriesTableViewController.swift */ = {isa = PBXFileReference; lastKnownFileType = sourcecode.swift; path = StoriesTableViewController.swift; sourceTree = "<group>"; };
		8C9A35572530E2E900FC4835 /* Story.swift */ = {isa = PBXFileReference; lastKnownFileType = sourcecode.swift; path = Story.swift; sourceTree = "<group>"; };
		8CC4FF592587E45C0061198D /* LoaderAnimation.swift */ = {isa = PBXFileReference; lastKnownFileType = sourcecode.swift; path = LoaderAnimation.swift; sourceTree = "<group>"; };
		8CC745502534CCAE00CC7083 /* StoryTableViewCell.swift */ = {isa = PBXFileReference; lastKnownFileType = sourcecode.swift; path = StoryTableViewCell.swift; sourceTree = "<group>"; };
		8CDF3EDF254E17AC0082988B /* Categories.swift */ = {isa = PBXFileReference; lastKnownFileType = sourcecode.swift; path = Categories.swift; sourceTree = "<group>"; };
		8CDF3EE6254EE5220082988B /* Category.swift */ = {isa = PBXFileReference; lastKnownFileType = sourcecode.swift; path = Category.swift; sourceTree = "<group>"; };
		8CDF3EE9254EECE60082988B /* FilteringPickerViewController.swift */ = {isa = PBXFileReference; lastKnownFileType = sourcecode.swift; path = FilteringPickerViewController.swift; sourceTree = "<group>"; };
		8CDF8315253774CA00CD8E2D /* NetworkManager.swift */ = {isa = PBXFileReference; lastKnownFileType = sourcecode.swift; path = NetworkManager.swift; sourceTree = "<group>"; };
		8CDF831725389DCC00CD8E2D /* FullStoryViewController.swift */ = {isa = PBXFileReference; lastKnownFileType = sourcecode.swift; path = FullStoryViewController.swift; sourceTree = "<group>"; };
		8CDF831A2538CBC600CD8E2D /* WebKit.framework */ = {isa = PBXFileReference; lastKnownFileType = wrapper.framework; name = WebKit.framework; path = System/Library/Frameworks/WebKit.framework; sourceTree = SDKROOT; };
/* End PBXFileReference section */

/* Begin PBXFrameworksBuildPhase section */
		8C9A3535252F2CDF00FC4835 /* Frameworks */ = {
			isa = PBXFrameworksBuildPhase;
			buildActionMask = 2147483647;
			files = (
				8CDF831B2538CBC600CD8E2D /* WebKit.framework in Frameworks */,
			);
			runOnlyForDeploymentPostprocessing = 0;
		};
/* End PBXFrameworksBuildPhase section */

/* Begin PBXGroup section */
		8C46C20625363F9900F32D34 /* Views */ = {
			isa = PBXGroup;
			children = (
				8CC745502534CCAE00CC7083 /* StoryTableViewCell.swift */,
				8C88C5D2253B7C490025985E /* SponsorTableViewCell.swift */,
			);
			path = Views;
			sourceTree = "<group>";
		};
		8C9A352F252F2CDF00FC4835 = {
			isa = PBXGroup;
			children = (
				8C9A353A252F2CDF00FC4835 /* NationalGeographicApp */,
				8C9A3539252F2CDF00FC4835 /* Products */,
				8CDF83192538CBC600CD8E2D /* Frameworks */,
			);
			sourceTree = "<group>";
		};
		8C9A3539252F2CDF00FC4835 /* Products */ = {
			isa = PBXGroup;
			children = (
				8C9A3538252F2CDF00FC4835 /* NationalGeographicApp.app */,
			);
			name = Products;
			sourceTree = "<group>";
		};
		8C9A353A252F2CDF00FC4835 /* NationalGeographicApp */ = {
			isa = PBXGroup;
			children = (
				8C9A354F252F2D1400FC4835 /* ViewControllers */,
				8C9A3550252F2D2700FC4835 /* Models */,
				8C9A3551252F2D3B00FC4835 /* Storyboards */,
				8C9A3552252F2D4F00FC4835 /* Sourse */,
				8C9A3553252F2D5E00FC4835 /* SupportingFiles */,
			);
			path = NationalGeographicApp;
			sourceTree = "<group>";
		};
		8C9A354F252F2D1400FC4835 /* ViewControllers */ = {
			isa = PBXGroup;
			children = (
				8C9A353F252F2CDF00FC4835 /* StartViewController.swift */,
				8C9A35552530E16F00FC4835 /* StoriesTableViewController.swift */,
				8CDF831725389DCC00CD8E2D /* FullStoryViewController.swift */,
				8CDF3EE9254EECE60082988B /* FilteringPickerViewController.swift */,
				8C46C20625363F9900F32D34 /* Views */,
			);
			path = ViewControllers;
			sourceTree = "<group>";
		};
		8C9A3550252F2D2700FC4835 /* Models */ = {
			isa = PBXGroup;
			children = (
				8C9A35572530E2E900FC4835 /* Story.swift */,
				8CDF3EDF254E17AC0082988B /* Categories.swift */,
				8CDF3EE6254EE5220082988B /* Category.swift */,
				8C7152342551A06500F8054D /* PhotoOfTheDay.swift */,
			);
			path = Models;
			sourceTree = "<group>";
		};
		8C9A3551252F2D3B00FC4835 /* Storyboards */ = {
			isa = PBXGroup;
			children = (
				8C9A3541252F2CDF00FC4835 /* Main.storyboard */,
				8C9A3546252F2CE400FC4835 /* LaunchScreen.storyboard */,
			);
			path = Storyboards;
			sourceTree = "<group>";
		};
		8C9A3552252F2D4F00FC4835 /* Sourse */ = {
			isa = PBXGroup;
			children = (
				8C9A3544252F2CE400FC4835 /* Assets.xcassets */,
			);
			path = Sourse;
			sourceTree = "<group>";
		};
		8C9A3553252F2D5E00FC4835 /* SupportingFiles */ = {
			isa = PBXGroup;
			children = (
				8C9A353B252F2CDF00FC4835 /* AppDelegate.swift */,
				8C9A353D252F2CDF00FC4835 /* SceneDelegate.swift */,
				8CDF8315253774CA00CD8E2D /* NetworkManager.swift */,
				8C9A3549252F2CE400FC4835 /* Info.plist */,
				8CC4FF592587E45C0061198D /* LoaderAnimation.swift */,
			);
			path = SupportingFiles;
			sourceTree = "<group>";
		};
		8CDF83192538CBC600CD8E2D /* Frameworks */ = {
			isa = PBXGroup;
			children = (
				8CDF831A2538CBC600CD8E2D /* WebKit.framework */,
			);
			name = Frameworks;
			sourceTree = "<group>";
		};
/* End PBXGroup section */

/* Begin PBXNativeTarget section */
		8C9A3537252F2CDF00FC4835 /* NationalGeographicApp */ = {
			isa = PBXNativeTarget;
			buildConfigurationList = 8C9A354C252F2CE400FC4835 /* Build configuration list for PBXNativeTarget "NationalGeographicApp" */;
			buildPhases = (
				8C9A3534252F2CDF00FC4835 /* Sources */,
				8C9A3535252F2CDF00FC4835 /* Frameworks */,
				8C9A3536252F2CDF00FC4835 /* Resources */,
			);
			buildRules = (
			);
			dependencies = (
			);
			name = NationalGeographicApp;
			productName = NationalGeographicApp;
			productReference = 8C9A3538252F2CDF00FC4835 /* NationalGeographicApp.app */;
			productType = "com.apple.product-type.application";
		};
/* End PBXNativeTarget section */

/* Begin PBXProject section */
		8C9A3530252F2CDF00FC4835 /* Project object */ = {
			isa = PBXProject;
			attributes = {
				LastSwiftUpdateCheck = 1160;
				LastUpgradeCheck = 1200;
				ORGANIZATIONNAME = "Irina Kuznetsova";
				TargetAttributes = {
					8C9A3537252F2CDF00FC4835 = {
						CreatedOnToolsVersion = 11.6;
					};
				};
			};
			buildConfigurationList = 8C9A3533252F2CDF00FC4835 /* Build configuration list for PBXProject "NationalGeographicApp" */;
			compatibilityVersion = "Xcode 9.3";
			developmentRegion = en;
			hasScannedForEncodings = 0;
			knownRegions = (
				en,
				Base,
			);
			mainGroup = 8C9A352F252F2CDF00FC4835;
			productRefGroup = 8C9A3539252F2CDF00FC4835 /* Products */;
			projectDirPath = "";
			projectRoot = "";
			targets = (
				8C9A3537252F2CDF00FC4835 /* NationalGeographicApp */,
			);
		};
/* End PBXProject section */

/* Begin PBXResourcesBuildPhase section */
		8C9A3536252F2CDF00FC4835 /* Resources */ = {
			isa = PBXResourcesBuildPhase;
			buildActionMask = 2147483647;
			files = (
				8C9A3548252F2CE400FC4835 /* LaunchScreen.storyboard in Resources */,
				8C9A3545252F2CE400FC4835 /* Assets.xcassets in Resources */,
				8C9A3543252F2CDF00FC4835 /* Main.storyboard in Resources */,
			);
			runOnlyForDeploymentPostprocessing = 0;
		};
/* End PBXResourcesBuildPhase section */

/* Begin PBXSourcesBuildPhase section */
		8C9A3534252F2CDF00FC4835 /* Sources */ = {
			isa = PBXSourcesBuildPhase;
			buildActionMask = 2147483647;
			files = (
				8CDF3EEA254EECE60082988B /* FilteringPickerViewController.swift in Sources */,
				8C9A3540252F2CDF00FC4835 /* StartViewController.swift in Sources */,
				8CDF831825389DCC00CD8E2D /* FullStoryViewController.swift in Sources */,
				8C9A353C252F2CDF00FC4835 /* AppDelegate.swift in Sources */,
				8C9A35562530E16F00FC4835 /* StoriesTableViewController.swift in Sources */,
				8CDF8316253774CA00CD8E2D /* NetworkManager.swift in Sources */,
				8C9A353E252F2CDF00FC4835 /* SceneDelegate.swift in Sources */,
				8C9A35582530E2E900FC4835 /* Story.swift in Sources */,
				8CDF3EE0254E17AC0082988B /* Categories.swift in Sources */,
				8CC4FF5A2587E45C0061198D /* LoaderAnimation.swift in Sources */,
				8CDF3EE7254EE5220082988B /* Category.swift in Sources */,
				8C88C5D3253B7C490025985E /* SponsorTableViewCell.swift in Sources */,
				8CC745512534CCAE00CC7083 /* StoryTableViewCell.swift in Sources */,
				8C7152352551A06500F8054D /* PhotoOfTheDay.swift in Sources */,
			);
			runOnlyForDeploymentPostprocessing = 0;
		};
/* End PBXSourcesBuildPhase section */

/* Begin PBXVariantGroup section */
		8C9A3541252F2CDF00FC4835 /* Main.storyboard */ = {
			isa = PBXVariantGroup;
			children = (
				8C9A3542252F2CDF00FC4835 /* Base */,
			);
			name = Main.storyboard;
			sourceTree = "<group>";
		};
		8C9A3546252F2CE400FC4835 /* LaunchScreen.storyboard */ = {
			isa = PBXVariantGroup;
			children = (
				8C9A3547252F2CE400FC4835 /* Base */,
			);
			name = LaunchScreen.storyboard;
			sourceTree = "<group>";
		};
/* End PBXVariantGroup section */

/* Begin XCBuildConfiguration section */
		8C9A354A252F2CE400FC4835 /* Debug */ = {
			isa = XCBuildConfiguration;
			buildSettings = {
				ALWAYS_SEARCH_USER_PATHS = NO;
				CLANG_ANALYZER_NONNULL = YES;
				CLANG_ANALYZER_NUMBER_OBJECT_CONVERSION = YES_AGGRESSIVE;
				CLANG_CXX_LANGUAGE_STANDARD = "gnu++14";
				CLANG_CXX_LIBRARY = "libc++";
				CLANG_ENABLE_MODULES = YES;
				CLANG_ENABLE_OBJC_ARC = YES;
				CLANG_ENABLE_OBJC_WEAK = YES;
				CLANG_WARN_BLOCK_CAPTURE_AUTORELEASING = YES;
				CLANG_WARN_BOOL_CONVERSION = YES;
				CLANG_WARN_COMMA = YES;
				CLANG_WARN_CONSTANT_CONVERSION = YES;
				CLANG_WARN_DEPRECATED_OBJC_IMPLEMENTATIONS = YES;
				CLANG_WARN_DIRECT_OBJC_ISA_USAGE = YES_ERROR;
				CLANG_WARN_DOCUMENTATION_COMMENTS = YES;
				CLANG_WARN_EMPTY_BODY = YES;
				CLANG_WARN_ENUM_CONVERSION = YES;
				CLANG_WARN_INFINITE_RECURSION = YES;
				CLANG_WARN_INT_CONVERSION = YES;
				CLANG_WARN_NON_LITERAL_NULL_CONVERSION = YES;
				CLANG_WARN_OBJC_IMPLICIT_RETAIN_SELF = YES;
				CLANG_WARN_OBJC_LITERAL_CONVERSION = YES;
				CLANG_WARN_OBJC_ROOT_CLASS = YES_ERROR;
				CLANG_WARN_QUOTED_INCLUDE_IN_FRAMEWORK_HEADER = YES;
				CLANG_WARN_RANGE_LOOP_ANALYSIS = YES;
				CLANG_WARN_STRICT_PROTOTYPES = YES;
				CLANG_WARN_SUSPICIOUS_MOVE = YES;
				CLANG_WARN_UNGUARDED_AVAILABILITY = YES_AGGRESSIVE;
				CLANG_WARN_UNREACHABLE_CODE = YES;
				CLANG_WARN__DUPLICATE_METHOD_MATCH = YES;
				COPY_PHASE_STRIP = NO;
				DEBUG_INFORMATION_FORMAT = dwarf;
				ENABLE_STRICT_OBJC_MSGSEND = YES;
				ENABLE_TESTABILITY = YES;
				GCC_C_LANGUAGE_STANDARD = gnu11;
				GCC_DYNAMIC_NO_PIC = NO;
				GCC_NO_COMMON_BLOCKS = YES;
				GCC_OPTIMIZATION_LEVEL = 0;
				GCC_PREPROCESSOR_DEFINITIONS = (
					"DEBUG=1",
					"$(inherited)",
				);
				GCC_WARN_64_TO_32_BIT_CONVERSION = YES;
				GCC_WARN_ABOUT_RETURN_TYPE = YES_ERROR;
				GCC_WARN_UNDECLARED_SELECTOR = YES;
				GCC_WARN_UNINITIALIZED_AUTOS = YES_AGGRESSIVE;
				GCC_WARN_UNUSED_FUNCTION = YES;
				GCC_WARN_UNUSED_VARIABLE = YES;
				IPHONEOS_DEPLOYMENT_TARGET = 13.0;
				MTL_ENABLE_DEBUG_INFO = INCLUDE_SOURCE;
				MTL_FAST_MATH = YES;
				ONLY_ACTIVE_ARCH = YES;
				SDKROOT = iphoneos;
				SWIFT_ACTIVE_COMPILATION_CONDITIONS = DEBUG;
				SWIFT_OPTIMIZATION_LEVEL = "-Onone";
			};
			name = Debug;
		};
		8C9A354B252F2CE400FC4835 /* Release */ = {
			isa = XCBuildConfiguration;
			buildSettings = {
				ALWAYS_SEARCH_USER_PATHS = NO;
				CLANG_ANALYZER_NONNULL = YES;
				CLANG_ANALYZER_NUMBER_OBJECT_CONVERSION = YES_AGGRESSIVE;
				CLANG_CXX_LANGUAGE_STANDARD = "gnu++14";
				CLANG_CXX_LIBRARY = "libc++";
				CLANG_ENABLE_MODULES = YES;
				CLANG_ENABLE_OBJC_ARC = YES;
				CLANG_ENABLE_OBJC_WEAK = YES;
				CLANG_WARN_BLOCK_CAPTURE_AUTORELEASING = YES;
				CLANG_WARN_BOOL_CONVERSION = YES;
				CLANG_WARN_COMMA = YES;
				CLANG_WARN_CONSTANT_CONVERSION = YES;
				CLANG_WARN_DEPRECATED_OBJC_IMPLEMENTATIONS = YES;
				CLANG_WARN_DIRECT_OBJC_ISA_USAGE = YES_ERROR;
				CLANG_WARN_DOCUMENTATION_COMMENTS = YES;
				CLANG_WARN_EMPTY_BODY = YES;
				CLANG_WARN_ENUM_CONVERSION = YES;
				CLANG_WARN_INFINITE_RECURSION = YES;
				CLANG_WARN_INT_CONVERSION = YES;
				CLANG_WARN_NON_LITERAL_NULL_CONVERSION = YES;
				CLANG_WARN_OBJC_IMPLICIT_RETAIN_SELF = YES;
				CLANG_WARN_OBJC_LITERAL_CONVERSION = YES;
				CLANG_WARN_OBJC_ROOT_CLASS = YES_ERROR;
				CLANG_WARN_QUOTED_INCLUDE_IN_FRAMEWORK_HEADER = YES;
				CLANG_WARN_RANGE_LOOP_ANALYSIS = YES;
				CLANG_WARN_STRICT_PROTOTYPES = YES;
				CLANG_WARN_SUSPICIOUS_MOVE = YES;
				CLANG_WARN_UNGUARDED_AVAILABILITY = YES_AGGRESSIVE;
				CLANG_WARN_UNREACHABLE_CODE = YES;
				CLANG_WARN__DUPLICATE_METHOD_MATCH = YES;
				COPY_PHASE_STRIP = NO;
				DEBUG_INFORMATION_FORMAT = "dwarf-with-dsym";
				ENABLE_NS_ASSERTIONS = NO;
				ENABLE_STRICT_OBJC_MSGSEND = YES;
				GCC_C_LANGUAGE_STANDARD = gnu11;
				GCC_NO_COMMON_BLOCKS = YES;
				GCC_WARN_64_TO_32_BIT_CONVERSION = YES;
				GCC_WARN_ABOUT_RETURN_TYPE = YES_ERROR;
				GCC_WARN_UNDECLARED_SELECTOR = YES;
				GCC_WARN_UNINITIALIZED_AUTOS = YES_AGGRESSIVE;
				GCC_WARN_UNUSED_FUNCTION = YES;
				GCC_WARN_UNUSED_VARIABLE = YES;
				IPHONEOS_DEPLOYMENT_TARGET = 13.0;
				MTL_ENABLE_DEBUG_INFO = NO;
				MTL_FAST_MATH = YES;
				SDKROOT = iphoneos;
				SWIFT_COMPILATION_MODE = wholemodule;
				SWIFT_OPTIMIZATION_LEVEL = "-O";
				VALIDATE_PRODUCT = YES;
			};
			name = Release;
		};
		8C9A354D252F2CE400FC4835 /* Debug */ = {
			isa = XCBuildConfiguration;
			buildSettings = {
				ASSETCATALOG_COMPILER_APPICON_NAME = AppIcon;
				CODE_SIGN_STYLE = Automatic;
				DEVELOPMENT_TEAM = G39AAW7HHA;
				INFOPLIST_FILE = NationalGeographicApp/SupportingFiles/Info.plist;
				IPHONEOS_DEPLOYMENT_TARGET = 13.0;
				LD_RUNPATH_SEARCH_PATHS = (
					"$(inherited)",
					"@executable_path/Frameworks",
				);
				PRODUCT_BUNDLE_IDENTIFIER = ru.first.NationalGeographicApp;
				PRODUCT_NAME = "$(TARGET_NAME)";
				SWIFT_VERSION = 5.0;
				TARGETED_DEVICE_FAMILY = 1;
			};
			name = Debug;
		};
		8C9A354E252F2CE400FC4835 /* Release */ = {
			isa = XCBuildConfiguration;
			buildSettings = {
				ASSETCATALOG_COMPILER_APPICON_NAME = AppIcon;
				CODE_SIGN_STYLE = Automatic;
				DEVELOPMENT_TEAM = G39AAW7HHA;
				INFOPLIST_FILE = NationalGeographicApp/SupportingFiles/Info.plist;
				IPHONEOS_DEPLOYMENT_TARGET = 13.0;
				LD_RUNPATH_SEARCH_PATHS = (
					"$(inherited)",
					"@executable_path/Frameworks",
				);
				PRODUCT_BUNDLE_IDENTIFIER = ru.first.NationalGeographicApp;
				PRODUCT_NAME = "$(TARGET_NAME)";
				SWIFT_VERSION = 5.0;
				TARGETED_DEVICE_FAMILY = 1;
			};
			name = Release;
		};
/* End XCBuildConfiguration section */

/* Begin XCConfigurationList section */
		8C9A3533252F2CDF00FC4835 /* Build configuration list for PBXProject "NationalGeographicApp" */ = {
			isa = XCConfigurationList;
			buildConfigurations = (
				8C9A354A252F2CE400FC4835 /* Debug */,
				8C9A354B252F2CE400FC4835 /* Release */,
			);
			defaultConfigurationIsVisible = 0;
			defaultConfigurationName = Release;
		};
		8C9A354C252F2CE400FC4835 /* Build configuration list for PBXNativeTarget "NationalGeographicApp" */ = {
			isa = XCConfigurationList;
			buildConfigurations = (
				8C9A354D252F2CE400FC4835 /* Debug */,
				8C9A354E252F2CE400FC4835 /* Release */,
			);
			defaultConfigurationIsVisible = 0;
			defaultConfigurationName = Release;
		};
/* End XCConfigurationList section */
	};
	rootObject = 8C9A3530252F2CDF00FC4835 /* Project object */;
}
